{
  "version": 4,
  "terraform_version": "0.12.24",
  "serial": 87,
  "lineage": "d68bc041-7a3f-c5d7-5c77-c0c2f0d8c64b",
  "outputs": {},
  "resources": [
    {
      "module": "module.near_cluster.module.near_validator.module.ami",
      "mode": "data",
      "type": "aws_ami",
      "name": "ubuntu",
      "provider": "module.near_cluster.provider.aws",
      "instances": [
        {
          "schema_version": 0,
          "attributes": {
            "architecture": "x86_64",
            "arn": "arn:aws:ec2:us-east-2::image/ami-0f4ee0f926e9f568d",
            "block_device_mappings": [
              {
                "device_name": "/dev/sda1",
                "ebs": {
                  "delete_on_termination": "true",
                  "encrypted": "false",
                  "iops": "0",
                  "snapshot_id": "snap-0771683cae144eae3",
                  "volume_size": "8",
                  "volume_type": "gp2"
                },
                "no_device": "",
                "virtual_name": ""
              },
              {
                "device_name": "/dev/sdb",
                "ebs": {},
                "no_device": "",
                "virtual_name": "ephemeral0"
              },
              {
                "device_name": "/dev/sdc",
                "ebs": {},
                "no_device": "",
                "virtual_name": "ephemeral1"
              }
            ],
            "creation_date": "2020-07-16T20:05:04.000Z",
            "description": "Canonical, Ubuntu, 18.04 LTS, amd64 bionic image build on 2020-07-16",
            "executable_users": null,
            "filter": [
              {
                "name": "name",
                "values": [
                  "ubuntu/images/hvm-ssd/ubuntu-bionic-18.04-amd64-server-*"
                ]
              },
              {
                "name": "virtualization-type",
                "values": [
                  "hvm"
                ]
              }
            ],
            "hypervisor": "xen",
            "id": "ami-0f4ee0f926e9f568d",
            "image_id": "ami-0f4ee0f926e9f568d",
            "image_location": "099720109477/ubuntu/images/hvm-ssd/ubuntu-bionic-18.04-amd64-server-20200716",
            "image_owner_alias": null,
            "image_type": "machine",
            "kernel_id": null,
            "most_recent": true,
            "name": "ubuntu/images/hvm-ssd/ubuntu-bionic-18.04-amd64-server-20200716",
            "name_regex": null,
            "owner_id": "099720109477",
            "owners": [
              "099720109477"
            ],
            "platform": null,
            "product_codes": [],
            "public": true,
            "ramdisk_id": null,
            "root_device_name": "/dev/sda1",
            "root_device_type": "ebs",
            "root_snapshot_id": "snap-0771683cae144eae3",
            "sriov_net_support": "simple",
            "state": "available",
            "state_reason": {
              "code": "UNSET",
              "message": "UNSET"
            },
            "tags": {},
            "virtualization_type": "hvm"
          }
        }
      ]
    },
    {
      "module": "module.near_cluster.module.near_bastion.module.ami",
      "mode": "data",
      "type": "aws_ami",
      "name": "ubuntu",
      "provider": "module.near_cluster.provider.aws",
      "instances": [
        {
          "schema_version": 0,
          "attributes": {
            "architecture": "x86_64",
            "arn": "arn:aws:ec2:us-east-2::image/ami-0f4ee0f926e9f568d",
            "block_device_mappings": [
              {
                "device_name": "/dev/sda1",
                "ebs": {
                  "delete_on_termination": "true",
                  "encrypted": "false",
                  "iops": "0",
                  "snapshot_id": "snap-0771683cae144eae3",
                  "volume_size": "8",
                  "volume_type": "gp2"
                },
                "no_device": "",
                "virtual_name": ""
              },
              {
                "device_name": "/dev/sdb",
                "ebs": {},
                "no_device": "",
                "virtual_name": "ephemeral0"
              },
              {
                "device_name": "/dev/sdc",
                "ebs": {},
                "no_device": "",
                "virtual_name": "ephemeral1"
              }
            ],
            "creation_date": "2020-07-16T20:05:04.000Z",
            "description": "Canonical, Ubuntu, 18.04 LTS, amd64 bionic image build on 2020-07-16",
            "executable_users": null,
            "filter": [
              {
                "name": "name",
                "values": [
                  "ubuntu/images/hvm-ssd/ubuntu-bionic-18.04-amd64-server-*"
                ]
              },
              {
                "name": "virtualization-type",
                "values": [
                  "hvm"
                ]
              }
            ],
            "hypervisor": "xen",
            "id": "ami-0f4ee0f926e9f568d",
            "image_id": "ami-0f4ee0f926e9f568d",
            "image_location": "099720109477/ubuntu/images/hvm-ssd/ubuntu-bionic-18.04-amd64-server-20200716",
            "image_owner_alias": null,
            "image_type": "machine",
            "kernel_id": null,
            "most_recent": true,
            "name": "ubuntu/images/hvm-ssd/ubuntu-bionic-18.04-amd64-server-20200716",
            "name_regex": null,
            "owner_id": "099720109477",
            "owners": [
              "099720109477"
            ],
            "platform": null,
            "product_codes": [],
            "public": true,
            "ramdisk_id": null,
            "root_device_name": "/dev/sda1",
            "root_device_type": "ebs",
            "root_snapshot_id": "snap-0771683cae144eae3",
            "sriov_net_support": "simple",
            "state": "available",
            "state_reason": {
              "code": "UNSET",
              "message": "UNSET"
            },
            "tags": {},
            "virtualization_type": "hvm"
          }
        }
      ]
    },
    {
      "module": "module.near_cluster.module.near_vpc",
      "mode": "data",
      "type": "aws_availability_zones",
      "name": "available",
      "provider": "module.near_cluster.provider.aws",
      "instances": [
        {
          "schema_version": 0,
          "attributes": {
            "all_availability_zones": null,
            "blacklisted_names": null,
            "blacklisted_zone_ids": null,
            "exclude_names": null,
            "exclude_zone_ids": null,
            "filter": null,
            "group_names": [
              "us-east-2"
            ],
            "id": "2020-07-27 15:30:53.127349 +0000 UTC",
            "names": [
              "us-east-2a",
              "us-east-2b",
              "us-east-2c"
            ],
            "state": "available",
            "zone_ids": [
              "use2-az1",
              "use2-az2",
              "use2-az3"
            ]
          }
        }
      ]
    },
    {
      "module": "module.near_cluster.module.near_vpc",
      "mode": "managed",
      "type": "aws_default_security_group",
      "name": "default",
      "provider": "module.near_cluster.provider.aws",
      "instances": [
        {
          "schema_version": 1,
          "attributes": {
            "arn": "arn:aws:ec2:us-east-2:468640258083:security-group/sg-0024649f0d29bb7f6",
            "description": "default VPC security group",
            "egress": [],
            "id": "sg-0024649f0d29bb7f6",
            "ingress": [
              {
                "cidr_blocks": [],
                "description": "",
                "from_port": 0,
                "ipv6_cidr_blocks": [],
                "prefix_list_ids": [],
                "protocol": "-1",
                "security_groups": [],
                "self": true,
                "to_port": 0
              }
            ],
            "name": "default",
            "owner_id": "468640258083",
            "revoke_rules_on_delete": false,
            "tags": {},
            "timeouts": null,
            "vpc_id": "vpc-014a0843350dfe9b4"
          },
          "private": "eyJlMmJmYjczMC1lY2FhLTExZTYtOGY4OC0zNDM2M2JjN2M0YzAiOnsiY3JlYXRlIjo2MDAwMDAwMDAwMDAsImRlbGV0ZSI6NjAwMDAwMDAwMDAwfSwic2NoZW1hX3ZlcnNpb24iOiIxIn0=",
          "dependencies": [
            "module.near_cluster.module.near_vpc.aws_vpc.near"
          ]
        }
      ]
    },
    {
      "module": "module.near_cluster.module.near_vpc.module.near_public_subnet_1",
      "mode": "managed",
      "type": "aws_eip",
      "name": "nat",
      "provider": "module.near_cluster.provider.aws",
      "instances": [
        {
          "schema_version": 0,
          "attributes": {
            "allocation_id": null,
            "associate_with_private_ip": null,
            "association_id": "eipassoc-0fe5677a5bd7d950d",
            "customer_owned_ip": "",
            "customer_owned_ipv4_pool": "",
            "domain": "vpc",
            "id": "eipalloc-0d82acdda428ecfc9",
            "instance": "",
            "network_interface": "eni-03cef326d33f9eaac",
            "private_dns": "ip-10-10-0-119.us-east-2.compute.internal",
            "private_ip": "10.10.0.119",
            "public_dns": "ec2-3-13-170-209.us-east-2.compute.amazonaws.com",
            "public_ip": "3.13.170.209",
            "public_ipv4_pool": "amazon",
            "tags": {
              "Name": "near-nat-eip"
            },
            "timeouts": null,
            "vpc": true
          },
          "private": "eyJlMmJmYjczMC1lY2FhLTExZTYtOGY4OC0zNDM2M2JjN2M0YzAiOnsiZGVsZXRlIjoxODAwMDAwMDAwMDAsInJlYWQiOjkwMDAwMDAwMDAwMCwidXBkYXRlIjozMDAwMDAwMDAwMDB9fQ=="
        }
      ]
    },
    {
      "module": "module.near_cluster.module.near_bastion",
      "mode": "managed",
      "type": "aws_instance",
      "name": "bastion",
      "provider": "module.near_cluster.provider.aws",
      "instances": [
        {
          "schema_version": 1,
          "attributes": {
            "ami": "ami-0f4ee0f926e9f568d",
            "arn": "arn:aws:ec2:us-east-2:468640258083:instance/i-0df5599a3dd6c645d",
            "associate_public_ip_address": true,
            "availability_zone": "us-east-2a",
            "cpu_core_count": 1,
            "cpu_threads_per_core": 2,
            "credit_specification": [
              {
                "cpu_credits": "unlimited"
              }
            ],
            "disable_api_termination": false,
            "ebs_block_device": [],
            "ebs_optimized": false,
            "ephemeral_block_device": [],
            "get_password_data": false,
            "hibernation": false,
            "host_id": null,
            "iam_instance_profile": "",
            "id": "i-0df5599a3dd6c645d",
            "instance_initiated_shutdown_behavior": null,
            "instance_state": "running",
            "instance_type": "t3.micro",
            "ipv6_address_count": 0,
            "ipv6_addresses": [],
            "key_name": "East2",
            "metadata_options": [
              {
                "http_endpoint": "enabled",
                "http_put_response_hop_limit": 1,
                "http_tokens": "optional"
              }
            ],
            "monitoring": false,
            "network_interface": [],
            "network_interface_id": null,
            "outpost_arn": "",
            "password_data": "",
            "placement_group": "",
            "primary_network_interface_id": "eni-044ab6cb0f9733a3d",
            "private_dns": "ip-10-10-0-84.us-east-2.compute.internal",
            "private_ip": "10.10.0.84",
            "public_dns": "",
            "public_ip": "3.15.15.225",
            "root_block_device": [
              {
                "delete_on_termination": true,
                "device_name": "/dev/sda1",
                "encrypted": false,
                "iops": 100,
                "kms_key_id": "",
                "volume_id": "vol-05d1324aae795b700",
                "volume_size": 8,
                "volume_type": "gp2"
              }
            ],
            "security_groups": [],
            "source_dest_check": true,
            "subnet_id": "subnet-0ab6d195666744421",
            "tags": {
              "Name": "near-bastion"
            },
            "tenancy": "default",
            "timeouts": null,
            "user_data": "2665371a138bc1fd8592708a8fe853f909bffee4",
            "user_data_base64": null,
            "volume_tags": {},
            "vpc_security_group_ids": [
              "sg-02a369f16ac3f7378"
            ]
          },
          "private": "eyJlMmJmYjczMC1lY2FhLTExZTYtOGY4OC0zNDM2M2JjN2M0YzAiOnsiY3JlYXRlIjo2MDAwMDAwMDAwMDAsImRlbGV0ZSI6MTIwMDAwMDAwMDAwMCwidXBkYXRlIjo2MDAwMDAwMDAwMDB9LCJzY2hlbWFfdmVyc2lvbiI6IjEifQ==",
          "dependencies": [
            "module.near_cluster.module.near_vpc.aws_security_group.bastion",
            "module.near_cluster.module.near_vpc.aws_security_group.full_node",
            "module.near_cluster.module.near_vpc.aws_security_group.validator",
            "module.near_cluster.module.near_vpc.aws_vpc.near",
            "module.near_cluster.module.near_vpc.module.near_private_subnet_1.aws_subnet.private",
            "module.near_cluster.module.near_vpc.module.near_public_subnet_1.aws_subnet.public"
          ]
        }
      ]
    },
    {
      "module": "module.near_cluster.module.near_validator",
      "mode": "managed",
      "type": "aws_instance",
      "name": "near_validator",
      "provider": "module.near_cluster.provider.aws",
      "instances": [
        {
          "schema_version": 1,
          "attributes": {
            "ami": "ami-0f4ee0f926e9f568d",
            "arn": "arn:aws:ec2:us-east-2:468640258083:instance/i-03d59fd6802150d35",
            "associate_public_ip_address": true,
            "availability_zone": "us-east-2a",
            "cpu_core_count": 1,
            "cpu_threads_per_core": 2,
            "credit_specification": [
              {
                "cpu_credits": "unlimited"
              }
            ],
            "disable_api_termination": false,
            "ebs_block_device": [],
            "ebs_optimized": false,
            "ephemeral_block_device": [],
            "get_password_data": false,
            "hibernation": false,
            "host_id": null,
            "iam_instance_profile": "",
            "id": "i-03d59fd6802150d35",
            "instance_initiated_shutdown_behavior": null,
            "instance_state": "running",
            "instance_type": "t3.medium",
            "ipv6_address_count": 0,
            "ipv6_addresses": [],
            "key_name": "East2",
            "metadata_options": [
              {
                "http_endpoint": "enabled",
                "http_put_response_hop_limit": 1,
                "http_tokens": "optional"
              }
            ],
            "monitoring": false,
            "network_interface": [],
            "network_interface_id": null,
            "outpost_arn": "",
            "password_data": "",
            "placement_group": "",
            "primary_network_interface_id": "eni-06fd65fc38e1bd683",
            "private_dns": "ip-10-10-0-120.us-east-2.compute.internal",
            "private_ip": "10.10.0.120",
            "public_dns": "",
            "public_ip": "3.22.241.5",
            "root_block_device": [
              {
                "delete_on_termination": true,
                "device_name": "/dev/sda1",
                "encrypted": false,
                "iops": 768,
                "kms_key_id": "",
                "volume_id": "vol-09e2afa9c6d8a4ea0",
                "volume_size": 256,
                "volume_type": "gp2"
              }
            ],
            "security_groups": [],
            "source_dest_check": true,
            "subnet_id": "subnet-0ab6d195666744421",
            "tags": {
              "Name": "near-validator-test"
            },
            "tenancy": "default",
            "timeouts": null,
            "user_data": "20cd02fa6c4401387ba895f122c9a6669c224bf4",
            "user_data_base64": null,
            "volume_tags": {},
            "vpc_security_group_ids": [
              "sg-02794e3de553716a4"
            ]
          },
          "private": "eyJlMmJmYjczMC1lY2FhLTExZTYtOGY4OC0zNDM2M2JjN2M0YzAiOnsiY3JlYXRlIjo2MDAwMDAwMDAwMDAsImRlbGV0ZSI6MTIwMDAwMDAwMDAwMCwidXBkYXRlIjo2MDAwMDAwMDAwMDB9LCJzY2hlbWFfdmVyc2lvbiI6IjEifQ==",
          "dependencies": [
            "module.near_cluster.module.near_vpc.aws_security_group.bastion",
            "module.near_cluster.module.near_vpc.aws_security_group.full_node",
            "module.near_cluster.module.near_vpc.aws_security_group.validator",
            "module.near_cluster.module.near_vpc.module.near_private_subnet_1.aws_subnet.private",
            "module.near_cluster.module.near_vpc.module.near_public_subnet_1.aws_subnet.public"
          ]
        }
      ]
    },
    {
      "module": "module.near_cluster.module.near_vpc",
      "mode": "managed",
      "type": "aws_internet_gateway",
      "name": "igw",
      "provider": "module.near_cluster.provider.aws",
      "instances": [
        {
          "schema_version": 0,
          "attributes": {
            "arn": "arn:aws:ec2:us-east-2:468640258083:internet-gateway/igw-0176d56297cab658f",
            "id": "igw-0176d56297cab658f",
            "owner_id": "468640258083",
            "tags": {
              "Name": "near-internet-gateway"
            },
            "vpc_id": "vpc-014a0843350dfe9b4"
          },
          "private": "bnVsbA==",
          "dependencies": [
            "module.near_cluster.module.near_vpc.aws_vpc.near"
          ]
        }
      ]
    },
    {
      "module": "module.near_cluster.module.near_vpc.module.near_public_subnet_1",
      "mode": "managed",
      "type": "aws_nat_gateway",
      "name": "nat",
      "provider": "module.near_cluster.provider.aws",
      "instances": [
        {
          "schema_version": 0,
          "attributes": {
            "allocation_id": "eipalloc-0d82acdda428ecfc9",
            "id": "nat-0afa0907a1f3c544f",
            "network_interface_id": "eni-03cef326d33f9eaac",
            "private_ip": "10.10.0.119",
            "public_ip": "3.13.170.209",
            "subnet_id": "subnet-0ab6d195666744421",
            "tags": {
              "Name": "near-nat-gateway-use2-az1"
            }
          },
          "private": "bnVsbA==",
          "dependencies": [
            "module.near_cluster.module.near_vpc.aws_vpc.near",
            "module.near_cluster.module.near_vpc.module.near_public_subnet_1.aws_eip.nat",
            "module.near_cluster.module.near_vpc.module.near_public_subnet_1.aws_subnet.public"
          ]
        }
      ]
    },
    {
      "module": "module.near_cluster.module.near_vpc.module.near_private_subnet_1",
      "mode": "managed",
      "type": "aws_network_acl",
      "name": "private",
      "provider": "module.near_cluster.provider.aws",
      "instances": [
        {
          "schema_version": 0,
          "attributes": {
            "arn": "arn:aws:ec2:us-east-2:468640258083:network-acl/acl-035f43b9343ae6897",
            "egress": [
              {
                "action": "allow",
                "cidr_block": "0.0.0.0/0",
                "from_port": 0,
                "icmp_code": 0,
                "icmp_type": 0,
                "ipv6_cidr_block": "",
                "protocol": "-1",
                "rule_no": 100,
                "to_port": 0
              }
            ],
            "id": "acl-035f43b9343ae6897",
            "ingress": [
              {
                "action": "allow",
                "cidr_block": "0.0.0.0/0",
                "from_port": 1024,
                "icmp_code": 0,
                "icmp_type": 0,
                "ipv6_cidr_block": "",
                "protocol": "6",
                "rule_no": 140,
                "to_port": 65535
              },
              {
                "action": "allow",
                "cidr_block": "10.10.0.0/16",
                "from_port": 22,
                "icmp_code": 0,
                "icmp_type": 0,
                "ipv6_cidr_block": "",
                "protocol": "6",
                "rule_no": 100,
                "to_port": 22
              },
              {
                "action": "allow",
                "cidr_block": "10.10.0.0/16",
                "from_port": 30303,
                "icmp_code": 0,
                "icmp_type": 0,
                "ipv6_cidr_block": "",
                "protocol": "6",
                "rule_no": 130,
                "to_port": 30303
              },
              {
                "action": "allow",
                "cidr_block": "10.10.0.0/16",
                "from_port": 5432,
                "icmp_code": 0,
                "icmp_type": 0,
                "ipv6_cidr_block": "",
                "protocol": "6",
                "rule_no": 110,
                "to_port": 5432
              }
            ],
            "owner_id": "468640258083",
            "subnet_id": null,
            "subnet_ids": [
              "subnet-0887fdf5b7a5718fa"
            ],
            "tags": {
              "Name": "near-private-l-use2-az1"
            },
            "vpc_id": "vpc-014a0843350dfe9b4"
          },
          "private": "bnVsbA==",
          "dependencies": [
            "module.near_cluster.module.near_vpc.aws_vpc.near",
            "module.near_cluster.module.near_vpc.module.near_private_subnet_1.aws_subnet.private"
          ]
        }
      ]
    },
    {
      "module": "module.near_cluster.module.near_vpc.module.near_public_subnet_1",
      "mode": "managed",
      "type": "aws_network_acl",
      "name": "public",
      "provider": "module.near_cluster.provider.aws",
      "instances": [
        {
          "schema_version": 0,
          "attributes": {
            "arn": "arn:aws:ec2:us-east-2:468640258083:network-acl/acl-01a484b09f3416595",
            "egress": [
              {
                "action": "allow",
                "cidr_block": "0.0.0.0/0",
                "from_port": 0,
                "icmp_code": 0,
                "icmp_type": 0,
                "ipv6_cidr_block": "",
                "protocol": "-1",
                "rule_no": 200,
                "to_port": 0
              }
            ],
            "id": "acl-01a484b09f3416595",
            "ingress": [
              {
                "action": "allow",
                "cidr_block": "0.0.0.0/0",
                "from_port": 1024,
                "icmp_code": 0,
                "icmp_type": 0,
                "ipv6_cidr_block": "",
                "protocol": "6",
                "rule_no": 140,
                "to_port": 65535
              },
              {
                "action": "allow",
                "cidr_block": "0.0.0.0/0",
                "from_port": 22,
                "icmp_code": 0,
                "icmp_type": 0,
                "ipv6_cidr_block": "",
                "protocol": "6",
                "rule_no": 100,
                "to_port": 22
              },
              {
                "action": "allow",
                "cidr_block": "0.0.0.0/0",
                "from_port": 30303,
                "icmp_code": 0,
                "icmp_type": 0,
                "ipv6_cidr_block": "",
                "protocol": "17",
                "rule_no": 131,
                "to_port": 30303
              },
              {
                "action": "allow",
                "cidr_block": "0.0.0.0/0",
                "from_port": 30303,
                "icmp_code": 0,
                "icmp_type": 0,
                "ipv6_cidr_block": "",
                "protocol": "6",
                "rule_no": 130,
                "to_port": 30303
              },
              {
                "action": "allow",
                "cidr_block": "0.0.0.0/0",
                "from_port": 443,
                "icmp_code": 0,
                "icmp_type": 0,
                "ipv6_cidr_block": "",
                "protocol": "6",
                "rule_no": 120,
                "to_port": 443
              },
              {
                "action": "allow",
                "cidr_block": "0.0.0.0/0",
                "from_port": 80,
                "icmp_code": 0,
                "icmp_type": 0,
                "ipv6_cidr_block": "",
                "protocol": "6",
                "rule_no": 110,
                "to_port": 80
              }
            ],
            "owner_id": "468640258083",
            "subnet_id": null,
            "subnet_ids": [
              "subnet-0ab6d195666744421"
            ],
            "tags": {
              "Name": "near-public-l-use2-az1"
            },
            "vpc_id": "vpc-014a0843350dfe9b4"
          },
          "private": "bnVsbA==",
          "dependencies": [
            "module.near_cluster.module.near_vpc.aws_vpc.near",
            "module.near_cluster.module.near_vpc.module.near_public_subnet_1.aws_subnet.public"
          ]
        }
      ]
    },
    {
      "module": "module.near_cluster.module.near_vpc.module.near_private_subnet_1",
      "mode": "managed",
      "type": "aws_route_table",
      "name": "private",
      "provider": "module.near_cluster.provider.aws",
      "instances": [
        {
          "schema_version": 0,
          "attributes": {
            "id": "rtb-00444362307672267",
            "owner_id": "468640258083",
            "propagating_vgws": [],
            "route": [
              {
                "cidr_block": "0.0.0.0/0",
                "egress_only_gateway_id": "",
                "gateway_id": "",
                "instance_id": "",
                "ipv6_cidr_block": "",
                "nat_gateway_id": "nat-0afa0907a1f3c544f",
                "network_interface_id": "",
                "transit_gateway_id": "",
                "vpc_peering_connection_id": ""
              }
            ],
            "tags": {
              "Name": "near-private-route-table-use2-az1"
            },
            "vpc_id": "vpc-014a0843350dfe9b4"
          },
          "private": "bnVsbA==",
          "dependencies": [
            "module.near_cluster.module.near_vpc.aws_vpc.near",
            "module.near_cluster.module.near_vpc.module.near_public_subnet_1.aws_eip.nat",
            "module.near_cluster.module.near_vpc.module.near_public_subnet_1.aws_nat_gateway.nat",
            "module.near_cluster.module.near_vpc.module.near_public_subnet_1.aws_subnet.public"
          ]
        }
      ]
    },
    {
      "module": "module.near_cluster.module.near_vpc.module.near_public_subnet_1",
      "mode": "managed",
      "type": "aws_route_table",
      "name": "public",
      "provider": "module.near_cluster.provider.aws",
      "instances": [
        {
          "schema_version": 0,
          "attributes": {
            "id": "rtb-0e0569bfe546da092",
            "owner_id": "468640258083",
            "propagating_vgws": [],
            "route": [
              {
                "cidr_block": "0.0.0.0/0",
                "egress_only_gateway_id": "",
                "gateway_id": "igw-0176d56297cab658f",
                "instance_id": "",
                "ipv6_cidr_block": "",
                "nat_gateway_id": "",
                "network_interface_id": "",
                "transit_gateway_id": "",
                "vpc_peering_connection_id": ""
              }
            ],
            "tags": {
              "Name": "near-public-route-table-use2-az1"
            },
            "vpc_id": "vpc-014a0843350dfe9b4"
          },
          "private": "bnVsbA==",
          "dependencies": [
            "module.near_cluster.module.near_vpc.aws_internet_gateway.igw",
            "module.near_cluster.module.near_vpc.aws_vpc.near"
          ]
        }
      ]
    },
    {
      "module": "module.near_cluster.module.near_vpc.module.near_private_subnet_1",
      "mode": "managed",
      "type": "aws_route_table_association",
      "name": "private",
      "provider": "module.near_cluster.provider.aws",
      "instances": [
        {
          "schema_version": 0,
          "attributes": {
            "gateway_id": null,
            "id": "rtbassoc-07eea7cac518a92ab",
            "route_table_id": "rtb-00444362307672267",
            "subnet_id": "subnet-0887fdf5b7a5718fa"
          },
          "private": "bnVsbA==",
          "dependencies": [
            "module.near_cluster.module.near_vpc.aws_vpc.near",
            "module.near_cluster.module.near_vpc.module.near_private_subnet_1.aws_route_table.private",
            "module.near_cluster.module.near_vpc.module.near_private_subnet_1.aws_subnet.private",
            "module.near_cluster.module.near_vpc.module.near_public_subnet_1.aws_eip.nat",
            "module.near_cluster.module.near_vpc.module.near_public_subnet_1.aws_nat_gateway.nat",
            "module.near_cluster.module.near_vpc.module.near_public_subnet_1.aws_subnet.public"
          ]
        }
      ]
    },
    {
      "module": "module.near_cluster.module.near_vpc.module.near_public_subnet_1",
      "mode": "managed",
      "type": "aws_route_table_association",
      "name": "public",
      "provider": "module.near_cluster.provider.aws",
      "instances": [
        {
          "schema_version": 0,
          "attributes": {
            "gateway_id": null,
            "id": "rtbassoc-0e00898f2aaf88e2e",
            "route_table_id": "rtb-0e0569bfe546da092",
            "subnet_id": "subnet-0ab6d195666744421"
          },
          "private": "bnVsbA==",
          "dependencies": [
            "module.near_cluster.module.near_vpc.aws_internet_gateway.igw",
            "module.near_cluster.module.near_vpc.aws_vpc.near",
            "module.near_cluster.module.near_vpc.module.near_public_subnet_1.aws_route_table.public",
            "module.near_cluster.module.near_vpc.module.near_public_subnet_1.aws_subnet.public"
          ]
        }
      ]
    },
    {
      "module": "module.near_cluster.module.near_vpc",
      "mode": "managed",
      "type": "aws_security_group",
      "name": "bastion",
      "provider": "module.near_cluster.provider.aws",
      "instances": [
        {
          "schema_version": 1,
          "attributes": {
            "arn": "arn:aws:ec2:us-east-2:468640258083:security-group/sg-02a369f16ac3f7378",
            "description": "Managed by Terraform",
            "egress": [
              {
                "cidr_blocks": [
                  "0.0.0.0/0"
                ],
                "description": "",
                "from_port": 0,
                "ipv6_cidr_blocks": [],
                "prefix_list_ids": [],
                "protocol": "-1",
                "security_groups": [],
                "self": false,
                "to_port": 0
              }
            ],
            "id": "sg-02a369f16ac3f7378",
            "ingress": [
              {
                "cidr_blocks": [
                  "0.0.0.0/0"
                ],
                "description": "",
                "from_port": 22,
                "ipv6_cidr_blocks": [],
                "prefix_list_ids": [],
                "protocol": "tcp",
                "security_groups": [],
                "self": false,
                "to_port": 22
              }
            ],
            "name": "near-bastion",
            "name_prefix": null,
            "owner_id": "468640258083",
            "revoke_rules_on_delete": false,
            "tags": {},
            "timeouts": null,
            "vpc_id": "vpc-014a0843350dfe9b4"
          },
          "private": "eyJlMmJmYjczMC1lY2FhLTExZTYtOGY4OC0zNDM2M2JjN2M0YzAiOnsiY3JlYXRlIjo2MDAwMDAwMDAwMDAsImRlbGV0ZSI6NjAwMDAwMDAwMDAwfSwic2NoZW1hX3ZlcnNpb24iOiIxIn0=",
          "dependencies": [
            "module.near_cluster.module.near_vpc.aws_vpc.near"
          ]
        }
      ]
    },
    {
      "module": "module.near_cluster.module.near_vpc",
      "mode": "managed",
      "type": "aws_security_group",
      "name": "full_node",
      "provider": "module.near_cluster.provider.aws",
      "instances": [
        {
          "schema_version": 1,
          "attributes": {
            "arn": "arn:aws:ec2:us-east-2:468640258083:security-group/sg-0e56e692b5e65bffa",
            "description": "Managed by Terraform",
            "egress": [
              {
                "cidr_blocks": [
                  "0.0.0.0/0"
                ],
                "description": "",
                "from_port": 0,
                "ipv6_cidr_blocks": [],
                "prefix_list_ids": [],
                "protocol": "-1",
                "security_groups": [],
                "self": false,
                "to_port": 0
              }
            ],
            "id": "sg-0e56e692b5e65bffa",
            "ingress": [
              {
                "cidr_blocks": [
                  "0.0.0.0/0"
                ],
                "description": "",
                "from_port": 30303,
                "ipv6_cidr_blocks": [],
                "prefix_list_ids": [],
                "protocol": "tcp",
                "security_groups": [],
                "self": false,
                "to_port": 30303
              },
              {
                "cidr_blocks": [
                  "0.0.0.0/0"
                ],
                "description": "",
                "from_port": 30303,
                "ipv6_cidr_blocks": [],
                "prefix_list_ids": [],
                "protocol": "udp",
                "security_groups": [],
                "self": false,
                "to_port": 30303
              },
              {
                "cidr_blocks": [],
                "description": "",
                "from_port": 22,
                "ipv6_cidr_blocks": [],
                "prefix_list_ids": [],
                "protocol": "tcp",
                "security_groups": [
                  "sg-02a369f16ac3f7378"
                ],
                "self": false,
                "to_port": 22
              }
            ],
            "name": "near-full-node",
            "name_prefix": null,
            "owner_id": "468640258083",
            "revoke_rules_on_delete": false,
            "tags": {},
            "timeouts": null,
            "vpc_id": "vpc-014a0843350dfe9b4"
          },
          "private": "eyJlMmJmYjczMC1lY2FhLTExZTYtOGY4OC0zNDM2M2JjN2M0YzAiOnsiY3JlYXRlIjo2MDAwMDAwMDAwMDAsImRlbGV0ZSI6NjAwMDAwMDAwMDAwfSwic2NoZW1hX3ZlcnNpb24iOiIxIn0=",
          "dependencies": [
            "module.near_cluster.module.near_vpc.aws_security_group.bastion",
            "module.near_cluster.module.near_vpc.aws_vpc.near"
          ]
        }
      ]
    },
    {
      "module": "module.near_cluster.module.near_vpc",
      "mode": "managed",
      "type": "aws_security_group",
      "name": "validator",
      "provider": "module.near_cluster.provider.aws",
      "instances": [
        {
          "schema_version": 1,
          "attributes": {
            "arn": "arn:aws:ec2:us-east-2:468640258083:security-group/sg-02794e3de553716a4",
            "description": "Managed by Terraform",
            "egress": [
              {
                "cidr_blocks": [
                  "0.0.0.0/0"
                ],
                "description": "",
                "from_port": 0,
                "ipv6_cidr_blocks": [],
                "prefix_list_ids": [],
                "protocol": "-1",
                "security_groups": [],
                "self": false,
                "to_port": 0
              }
            ],
            "id": "sg-02794e3de553716a4",
            "ingress": [
              {
                "cidr_blocks": [
                  "0.0.0.0/0"
                ],
                "description": "",
                "from_port": 3000,
                "ipv6_cidr_blocks": [],
                "prefix_list_ids": [],
                "protocol": "tcp",
                "security_groups": [],
                "self": false,
                "to_port": 3000
              },
              {
                "cidr_blocks": [
                  "0.0.0.0/0"
                ],
                "description": "",
                "from_port": 3030,
                "ipv6_cidr_blocks": [],
                "prefix_list_ids": [],
                "protocol": "tcp",
                "security_groups": [],
                "self": false,
                "to_port": 3030
              },
              {
                "cidr_blocks": [
                  "0.0.0.0/0"
                ],
                "description": "",
                "from_port": 9090,
                "ipv6_cidr_blocks": [],
                "prefix_list_ids": [],
                "protocol": "tcp",
                "security_groups": [],
                "self": false,
                "to_port": 9090
              },
              {
                "cidr_blocks": [
                  "0.0.0.0/0"
                ],
                "description": "",
                "from_port": 9100,
                "ipv6_cidr_blocks": [],
                "prefix_list_ids": [],
                "protocol": "tcp",
                "security_groups": [],
                "self": false,
                "to_port": 9100
              },
              {
                "cidr_blocks": [
                  "0.0.0.0/0"
                ],
                "description": "",
                "from_port": 9333,
                "ipv6_cidr_blocks": [],
                "prefix_list_ids": [],
                "protocol": "tcp",
                "security_groups": [],
                "self": false,
                "to_port": 9333
              },
              {
                "cidr_blocks": [],
                "description": "",
                "from_port": 22,
                "ipv6_cidr_blocks": [],
                "prefix_list_ids": [],
                "protocol": "tcp",
                "security_groups": [
                  "sg-02a369f16ac3f7378"
                ],
                "self": false,
                "to_port": 22
              }
            ],
            "name": "near-validator",
            "name_prefix": null,
            "owner_id": "468640258083",
            "revoke_rules_on_delete": false,
            "tags": {},
            "timeouts": null,
            "vpc_id": "vpc-014a0843350dfe9b4"
          },
          "private": "eyJlMmJmYjczMC1lY2FhLTExZTYtOGY4OC0zNDM2M2JjN2M0YzAiOnsiY3JlYXRlIjo2MDAwMDAwMDAwMDAsImRlbGV0ZSI6NjAwMDAwMDAwMDAwfSwic2NoZW1hX3ZlcnNpb24iOiIxIn0=",
          "dependencies": [
            "module.near_cluster.module.near_vpc.aws_vpc.near"
          ]
        }
      ]
    },
    {
      "module": "module.near_cluster.module.near_vpc",
      "mode": "managed",
      "type": "aws_security_group_rule",
      "name": "validator_allow_all_outbound",
      "provider": "module.near_cluster.provider.aws",
      "instances": [
        {
          "schema_version": 2,
          "attributes": {
            "cidr_blocks": [
              "0.0.0.0/0"
            ],
            "description": "",
            "from_port": 0,
            "id": "sgrule-2698101767",
            "ipv6_cidr_blocks": [],
            "prefix_list_ids": [],
            "protocol": "-1",
            "security_group_id": "sg-02794e3de553716a4",
            "self": false,
            "source_security_group_id": null,
            "to_port": 0,
            "type": "egress"
          },
          "private": "eyJzY2hlbWFfdmVyc2lvbiI6IjIifQ==",
          "dependencies": [
            "module.near_cluster.module.near_vpc.aws_security_group.validator",
            "module.near_cluster.module.near_vpc.aws_vpc.near"
          ]
        }
      ]
    },
    {
      "module": "module.near_cluster.module.near_vpc",
      "mode": "managed",
      "type": "aws_security_group_rule",
      "name": "validator_allow_grafana_inbound",
      "provider": "module.near_cluster.provider.aws",
      "instances": [
        {
          "schema_version": 2,
          "attributes": {
            "cidr_blocks": [
              "0.0.0.0/0"
            ],
            "description": "",
            "from_port": 3000,
            "id": "sgrule-834864067",
            "ipv6_cidr_blocks": [],
            "prefix_list_ids": [],
            "protocol": "tcp",
            "security_group_id": "sg-02794e3de553716a4",
            "self": false,
            "source_security_group_id": null,
            "to_port": 3000,
            "type": "ingress"
          },
          "private": "eyJzY2hlbWFfdmVyc2lvbiI6IjIifQ==",
          "dependencies": [
            "module.near_cluster.module.near_vpc.aws_security_group.validator",
            "module.near_cluster.module.near_vpc.aws_vpc.near"
          ]
        }
      ]
    },
    {
      "module": "module.near_cluster.module.near_vpc",
      "mode": "managed",
      "type": "aws_security_group_rule",
      "name": "validator_allow_internal_ssh",
      "provider": "module.near_cluster.provider.aws",
      "instances": [
        {
          "schema_version": 2,
          "attributes": {
            "cidr_blocks": [],
            "description": "",
            "from_port": 22,
            "id": "sgrule-3277441255",
            "ipv6_cidr_blocks": [],
            "prefix_list_ids": [],
            "protocol": "tcp",
            "security_group_id": "sg-02794e3de553716a4",
            "self": false,
            "source_security_group_id": "sg-02a369f16ac3f7378",
            "to_port": 22,
            "type": "ingress"
          },
          "private": "eyJzY2hlbWFfdmVyc2lvbiI6IjIifQ==",
          "dependencies": [
            "module.near_cluster.module.near_vpc.aws_security_group.bastion",
            "module.near_cluster.module.near_vpc.aws_security_group.validator",
            "module.near_cluster.module.near_vpc.aws_vpc.near"
          ]
        }
      ]
    },
    {
      "module": "module.near_cluster.module.near_vpc",
      "mode": "managed",
      "type": "aws_security_group_rule",
      "name": "validator_allow_near_node_inbound",
      "provider": "module.near_cluster.provider.aws",
      "instances": [
        {
          "schema_version": 2,
          "attributes": {
            "cidr_blocks": [
              "0.0.0.0/0"
            ],
            "description": "",
            "from_port": 3030,
            "id": "sgrule-1083150472",
            "ipv6_cidr_blocks": [],
            "prefix_list_ids": [],
            "protocol": "tcp",
            "security_group_id": "sg-02794e3de553716a4",
            "self": false,
            "source_security_group_id": null,
            "to_port": 3030,
            "type": "ingress"
          },
          "private": "eyJzY2hlbWFfdmVyc2lvbiI6IjIifQ==",
          "dependencies": [
            "module.near_cluster.module.near_vpc.aws_security_group.validator",
            "module.near_cluster.module.near_vpc.aws_vpc.near"
          ]
        }
      ]
    },
    {
      "module": "module.near_cluster.module.near_vpc",
      "mode": "managed",
      "type": "aws_security_group_rule",
      "name": "validator_allow_near_prometheus_exporter_inbound",
      "provider": "module.near_cluster.provider.aws",
      "instances": [
        {
          "schema_version": 2,
          "attributes": {
            "cidr_blocks": [
              "0.0.0.0/0"
            ],
            "description": "",
            "from_port": 9333,
            "id": "sgrule-2561498894",
            "ipv6_cidr_blocks": [],
            "prefix_list_ids": [],
            "protocol": "tcp",
            "security_group_id": "sg-02794e3de553716a4",
            "self": false,
            "source_security_group_id": null,
            "to_port": 9333,
            "type": "ingress"
          },
          "private": "eyJzY2hlbWFfdmVyc2lvbiI6IjIifQ==",
          "dependencies": [
            "module.near_cluster.module.near_vpc.aws_security_group.validator",
            "module.near_cluster.module.near_vpc.aws_vpc.near"
          ]
        }
      ]
    },
    {
      "module": "module.near_cluster.module.near_vpc",
      "mode": "managed",
      "type": "aws_security_group_rule",
      "name": "validator_allow_node_exporter_inbound",
      "provider": "module.near_cluster.provider.aws",
      "instances": [
        {
          "schema_version": 2,
          "attributes": {
            "cidr_blocks": [
              "0.0.0.0/0"
            ],
            "description": "",
            "from_port": 9100,
            "id": "sgrule-477271244",
            "ipv6_cidr_blocks": [],
            "prefix_list_ids": [],
            "protocol": "tcp",
            "security_group_id": "sg-02794e3de553716a4",
            "self": false,
            "source_security_group_id": null,
            "to_port": 9100,
            "type": "ingress"
          },
          "private": "eyJzY2hlbWFfdmVyc2lvbiI6IjIifQ==",
          "dependencies": [
            "module.near_cluster.module.near_vpc.aws_security_group.validator",
            "module.near_cluster.module.near_vpc.aws_vpc.near"
          ]
        }
      ]
    },
    {
      "module": "module.near_cluster.module.near_vpc",
      "mode": "managed",
      "type": "aws_security_group_rule",
      "name": "validator_allow_prometheus_inbound",
      "provider": "module.near_cluster.provider.aws",
      "instances": [
        {
          "schema_version": 2,
          "attributes": {
            "cidr_blocks": [
              "0.0.0.0/0"
            ],
            "description": "",
            "from_port": 9090,
            "id": "sgrule-2015241274",
            "ipv6_cidr_blocks": [],
            "prefix_list_ids": [],
            "protocol": "tcp",
            "security_group_id": "sg-02794e3de553716a4",
            "self": false,
            "source_security_group_id": null,
            "to_port": 9090,
            "type": "ingress"
          },
          "private": "eyJzY2hlbWFfdmVyc2lvbiI6IjIifQ==",
          "dependencies": [
            "module.near_cluster.module.near_vpc.aws_security_group.validator",
            "module.near_cluster.module.near_vpc.aws_vpc.near"
          ]
        }
      ]
    },
    {
      "module": "module.near_cluster.module.near_vpc.module.near_private_subnet_1",
      "mode": "managed",
      "type": "aws_subnet",
      "name": "private",
      "provider": "module.near_cluster.provider.aws",
      "instances": [
        {
          "schema_version": 1,
          "attributes": {
            "arn": "arn:aws:ec2:us-east-2:468640258083:subnet/subnet-0887fdf5b7a5718fa",
            "assign_ipv6_address_on_creation": false,
            "availability_zone": "us-east-2a",
            "availability_zone_id": "use2-az1",
            "cidr_block": "10.10.1.0/24",
            "id": "subnet-0887fdf5b7a5718fa",
            "ipv6_cidr_block": "",
            "ipv6_cidr_block_association_id": "",
            "map_public_ip_on_launch": false,
            "outpost_arn": "",
            "owner_id": "468640258083",
            "tags": {
              "Name": "near-private-use2-az1"
            },
            "timeouts": null,
            "vpc_id": "vpc-014a0843350dfe9b4"
          },
          "private": "eyJlMmJmYjczMC1lY2FhLTExZTYtOGY4OC0zNDM2M2JjN2M0YzAiOnsiY3JlYXRlIjo2MDAwMDAwMDAwMDAsImRlbGV0ZSI6MTIwMDAwMDAwMDAwMH0sInNjaGVtYV92ZXJzaW9uIjoiMSJ9",
          "dependencies": [
            "module.near_cluster.module.near_vpc.aws_vpc.near"
          ]
        }
      ]
    },
    {
      "module": "module.near_cluster.module.near_vpc.module.near_public_subnet_1",
      "mode": "managed",
      "type": "aws_subnet",
      "name": "public",
      "provider": "module.near_cluster.provider.aws",
      "instances": [
        {
          "schema_version": 1,
          "attributes": {
            "arn": "arn:aws:ec2:us-east-2:468640258083:subnet/subnet-0ab6d195666744421",
            "assign_ipv6_address_on_creation": false,
            "availability_zone": "us-east-2a",
            "availability_zone_id": "use2-az1",
            "cidr_block": "10.10.0.0/24",
            "id": "subnet-0ab6d195666744421",
            "ipv6_cidr_block": "",
            "ipv6_cidr_block_association_id": "",
            "map_public_ip_on_launch": false,
            "outpost_arn": "",
            "owner_id": "468640258083",
            "tags": {
              "Name": "near-public-use2-az1"
            },
            "timeouts": null,
            "vpc_id": "vpc-014a0843350dfe9b4"
          },
          "private": "eyJlMmJmYjczMC1lY2FhLTExZTYtOGY4OC0zNDM2M2JjN2M0YzAiOnsiY3JlYXRlIjo2MDAwMDAwMDAwMDAsImRlbGV0ZSI6MTIwMDAwMDAwMDAwMH0sInNjaGVtYV92ZXJzaW9uIjoiMSJ9",
          "dependencies": [
            "module.near_cluster.module.near_vpc.aws_vpc.near"
          ]
        }
      ]
    },
    {
      "module": "module.near_cluster.module.near_vpc",
      "mode": "managed",
      "type": "aws_vpc",
      "name": "near",
      "provider": "module.near_cluster.provider.aws",
      "instances": [
        {
          "schema_version": 1,
          "attributes": {
            "arn": "arn:aws:ec2:us-east-2:468640258083:vpc/vpc-014a0843350dfe9b4",
            "assign_generated_ipv6_cidr_block": false,
            "cidr_block": "10.10.0.0/16",
            "default_network_acl_id": "acl-085af99f1135f5b8b",
            "default_route_table_id": "rtb-07254e745d4e0d66d",
            "default_security_group_id": "sg-0024649f0d29bb7f6",
            "dhcp_options_id": "dopt-e974bf82",
            "enable_classiclink": null,
            "enable_classiclink_dns_support": null,
            "enable_dns_hostnames": false,
            "enable_dns_support": true,
            "id": "vpc-014a0843350dfe9b4",
            "instance_tenancy": "default",
            "ipv6_association_id": "",
            "ipv6_cidr_block": "",
            "main_route_table_id": "rtb-07254e745d4e0d66d",
            "owner_id": "468640258083",
            "tags": {
              "Name": "near-vpc"
            }
          },
          "private": "eyJzY2hlbWFfdmVyc2lvbiI6IjEifQ=="
        }
      ]
    },
    {
      "module": "module.near_cluster",
      "mode": "managed",
      "type": "random_password",
      "name": "password",
      "provider": "provider.random",
      "instances": [
        {
          "schema_version": 0,
          "attributes": {
            "id": "none",
            "keepers": null,
            "length": 50,
            "lower": true,
            "min_lower": 1,
            "min_numeric": 1,
            "min_special": 0,
            "min_upper": 1,
            "number": true,
            "override_special": null,
            "result": "etTl7tOkV1CZwMtwUHRAc74mlnmNn4QsXIa1xaiFY4gSYnuv7Y",
            "special": false,
            "upper": true
          },
          "private": "bnVsbA=="
        }
      ]
    }
  ]
}
